{
  "name": "zenn",
  "version": "1.0.0",
  "lockfileVersion": 2,
  "requires": true,
  "packages": {
    "": {
      "name": "zenn",
      "version": "1.0.0",
      "license": "ISC",
      "dependencies": {
        "zenn-cli": "^0.1.117"
      }
    },
    "node_modules/zenn-cli": {
      "version": "0.1.117",
      "resolved": "https://registry.npmjs.org/zenn-cli/-/zenn-cli-0.1.117.tgz",
      "integrity": "sha512-1IvPRwB+cTRl3R+5MgdFm6h++c3xzRTzrtxX5KRq2M7+AB2dF1hWBqwTS8n+u/edkTZxhXQJi94Uw8cbMdXGfg==",
      "bin": {
        "zenn": "dist/server/zenn.js"
      },
      "engines": {
        "node": ">=14.0.0"
      }
    }
  },
  "dependencies": {
    "zenn-cli": {
      "version": "0.1.117",
      "resolved": "https://registry.npmjs.org/zenn-cli/-/zenn-cli-0.1.117.tgz",
      "integrity": "sha512-1IvPRwB+cTRl3R+5MgdFm6h++c3xzRTzrtxX5KRq2M7+AB2dF1hWBqwTS8n+u/edkTZxhXQJi94Uw8cbMdXGfg=="
    }
  }
}
